
Microsoft Visual Studio Solution File, Format Version 12.00
# Visual Studio Version 16
VisualStudioVersion = 16.0.31515.178
MinimumVisualStudioVersion = 10.0.40219.1
Project("{FAE04EC0-301F-11D3-BF4B-00C04F79EFBC}") = "PhieuTinhTienNhaKhoa", "PhieuTinhTienNhaKhoa\PhieuTinhTienNhaKhoa.csproj", "{1B4BA004-999C-478B-AA9A-ECE6190AEBB8}"
EndProject
Global
	GlobalSection(SolutionConfigurationPlatforms) = preSolution
		Debug|Any CPU = Debug|Any CPU
		Release|Any CPU = Release|Any CPU
	EndGlobalSection
	GlobalSection(ProjectConfigurationPlatforms) = postSolution
		{1B4BA004-999C-478B-AA9A-ECE6190AEBB8}.Debug|Any CPU.ActiveCfg = Debug|Any CPU
		{1B4BA004-999C-478B-AA9A-ECE6190AEBB8}.Debug|Any CPU.Build.0 = Debug|Any CPU
		{1B4BA004-999C-478B-AA9A-ECE6190AEBB8}.Release|Any CPU.ActiveCfg = Release|Any CPU
		{1B4BA004-999C-478B-AA9A-ECE6190AEBB8}.Release|Any CPU.Build.0 = Release|Any CPU
	EndGlobalSection
	GlobalSection(SolutionProperties) = preSolution
		HideSolutionNode = FALSE
	EndGlobalSection
	GlobalSection(ExtensibilityGlobals) = postSolution
		SolutionGuid = {0FED123B-5397-442E-A595-661A73B79A74}
	EndGlobalSection
EndGlobal
